// !$*UTF8*$!
{
	archiveVersion = 1;
	classes = {
	};
	objectVersion = 50;
	objects = {

/* Begin PBXBuildFile section */
		4F5FF88723B4A85F00833B5B /* WebKit.framework in Frameworks */ = {isa = PBXBuildFile; fileRef = 4F5FF88623B4A85F00833B5B /* WebKit.framework */; };
		4FD67AF423B24EDF0055E09E /* AppDelegate.swift in Sources */ = {isa = PBXBuildFile; fileRef = 4FD67AF323B24EDF0055E09E /* AppDelegate.swift */; };
		4FD67AF623B24EDF0055E09E /* SceneDelegate.swift in Sources */ = {isa = PBXBuildFile; fileRef = 4FD67AF523B24EDF0055E09E /* SceneDelegate.swift */; };
		4FD67AF823B24EDF0055E09E /* ViewController.swift in Sources */ = {isa = PBXBuildFile; fileRef = 4FD67AF723B24EDF0055E09E /* ViewController.swift */; };
		4FD67AFB23B24EDF0055E09E /* Main.storyboard in Resources */ = {isa = PBXBuildFile; fileRef = 4FD67AF923B24EDF0055E09E /* Main.storyboard */; };
		4FD67AFD23B24EE20055E09E /* Assets.xcassets in Resources */ = {isa = PBXBuildFile; fileRef = 4FD67AFC23B24EE20055E09E /* Assets.xcassets */; };
		4FD67B0023B24EE20055E09E /* LaunchScreen.storyboard in Resources */ = {isa = PBXBuildFile; fileRef = 4FD67AFE23B24EE20055E09E /* LaunchScreen.storyboard */; };
/* End PBXBuildFile section */

/* Begin PBXFileReference section */
		4F5FF88623B4A85F00833B5B /* WebKit.framework */ = {isa = PBXFileReference; lastKnownFileType = wrapper.framework; name = WebKit.framework; path = System/Library/Frameworks/WebKit.framework; sourceTree = SDKROOT; };
		4FD67AF023B24EDF0055E09E /* SessionDownload.app */ = {isa = PBXFileReference; explicitFileType = wrapper.application; includeInIndex = 0; path = SessionDownload.app; sourceTree = BUILT_PRODUCTS_DIR; };
		4FD67AF323B24EDF0055E09E /* AppDelegate.swift */ = {isa = PBXFileReference; lastKnownFileType = sourcecode.swift; path = AppDelegate.swift; sourceTree = "<group>"; };
		4FD67AF523B24EDF0055E09E /* SceneDelegate.swift */ = {isa = PBXFileReference; lastKnownFileType = sourcecode.swift; path = SceneDelegate.swift; sourceTree = "<group>"; };
		4FD67AF723B24EDF0055E09E /* ViewController.swift */ = {isa = PBXFileReference; lastKnownFileType = sourcecode.swift; path = ViewController.swift; sourceTree = "<group>"; };
		4FD67AFA23B24EDF0055E09E /* Base */ = {isa = PBXFileReference; lastKnownFileType = file.storyboard; name = Base; path = Base.lproj/Main.storyboard; sourceTree = "<group>"; };
		4FD67AFC23B24EE20055E09E /* Assets.xcassets */ = {isa = PBXFileReference; lastKnownFileType = folder.assetcatalog; path = Assets.xcassets; sourceTree = "<group>"; };
		4FD67AFF23B24EE20055E09E /* Base */ = {isa = PBXFileReference; lastKnownFileType = file.storyboard; name = Base; path = Base.lproj/LaunchScreen.storyboard; sourceTree = "<group>"; };
		4FD67B0123B24EE20055E09E /* Info.plist */ = {isa = PBXFileReference; lastKnownFileType = text.plist.xml; path = Info.plist; sourceTree = "<group>"; };
/* End PBXFileReference section */

/* Begin PBXFrameworksBuildPhase section */
		4FD67AED23B24EDF0055E09E /* Frameworks */ = {
			isa = PBXFrameworksBuildPhase;
			buildActionMask = 2147483647;
			files = (
				4F5FF88723B4A85F00833B5B /* WebKit.framework in Frameworks */,
			);
			runOnlyForDeploymentPostprocessing = 0;
		};
/* End PBXFrameworksBuildPhase section */

/* Begin PBXGroup section */
		4F5FF88523B4A85F00833B5B /* Frameworks */ = {
			isa = PBXGroup;
			children = (
				4F5FF88623B4A85F00833B5B /* WebKit.framework */,
			);
			name = Frameworks;
			sourceTree = "<group>";
		};
		4FD67AE723B24EDF0055E09E = {
			isa = PBXGroup;
			children = (
				4FD67AF223B24EDF0055E09E /* SessionDownload */,
				4FD67AF123B24EDF0055E09E /* Products */,
				4F5FF88523B4A85F00833B5B /* Frameworks */,
			);
			sourceTree = "<group>";
		};
		4FD67AF123B24EDF0055E09E /* Products */ = {
			isa = PBXGroup;
			children = (
				4FD67AF023B24EDF0055E09E /* SessionDownload.app */,
			);
			name = Products;
			sourceTree = "<group>";
		};
		4FD67AF223B24EDF0055E09E /* SessionDownload */ = {
			isa = PBXGroup;
			children = (
				4FD67AF323B24EDF0055E09E /* AppDelegate.swift */,
				4FD67AF523B24EDF0055E09E /* SceneDelegate.swift */,
				4FD67AF723B24EDF0055E09E /* ViewController.swift */,
				4FD67AF923B24EDF0055E09E /* Main.storyboard */,
				4FD67AFC23B24EE20055E09E /* Assets.xcassets */,
				4FD67AFE23B24EE20055E09E /* LaunchScreen.storyboard */,
				4FD67B0123B24EE20055E09E /* Info.plist */,
			);
			path = SessionDownload;
			sourceTree = "<group>";
		};
/* End PBXGroup section */

/* Begin PBXNativeTarget section */
		4FD67AEF23B24EDF0055E09E /* SessionDownload */ = {
			isa = PBXNativeTarget;
			buildConfigurationList = 4FD67B0423B24EE20055E09E /* Build configuration list for PBXNativeTarget "SessionDownload" */;
			buildPhases = (
				4FD67AEC23B24EDF0055E09E /* Sources */,
				4FD67AED23B24EDF0055E09E /* Frameworks */,
				4FD67AEE23B24EDF0055E09E /* Resources */,
			);
			buildRules = (
			);
			dependencies = (
			);
			name = SessionDownload;
			productName = SessionDownload;
			productReference = 4FD67AF023B24EDF0055E09E /* SessionDownload.app */;
			productType = "com.apple.product-type.application";
		};
/* End PBXNativeTarget section */

/* Begin PBXProject section */
		4FD67AE823B24EDF0055E09E /* Project object */ = {
			isa = PBXProject;
			attributes = {
				LastSwiftUpdateCheck = 1110;
				LastUpgradeCheck = 1110;
				ORGANIZATIONNAME = Henry;
				TargetAttributes = {
					4FD67AEF23B24EDF0055E09E = {
						CreatedOnToolsVersion = 11.1;
					};
				};
			};
			buildConfigurationList = 4FD67AEB23B24EDF0055E09E /* Build configuration list for PBXProject "SessionDownload" */;
			compatibilityVersion = "Xcode 9.3";
			developmentRegion = en;
			hasScannedForEncodings = 0;
			knownRegions = (
				en,
				Base,
			);
			mainGroup = 4FD67AE723B24EDF0055E09E;
			productRefGroup = 4FD67AF123B24EDF0055E09E /* Products */;
			projectDirPath = "";
			projectRoot = "";
			targets = (
				4FD67AEF23B24EDF0055E09E /* SessionDownload */,
			);
		};
/* End PBXProject section */

/* Begin PBXResourcesBuildPhase section */
		4FD67AEE23B24EDF0055E09E /* Resources */ = {
			isa = PBXResourcesBuildPhase;
			buildActionMask = 2147483647;
			files = (
				4FD67B0023B24EE20055E09E /* LaunchScreen.storyboard in Resources */,
				4FD67AFD23B24EE20055E09E /* Assets.xcassets in Resources */,
				4FD67AFB23B24EDF0055E09E /* Main.storyboard in Resources */,
			);
			runOnlyForDeploymentPostprocessing = 0;
		};
/* End PBXResourcesBuildPhase section */

/* Begin PBXSourcesBuildPhase section */
		4FD67AEC23B24EDF0055E09E /* Sources */ = {
			isa = PBXSourcesBuildPhase;
			buildActionMask = 2147483647;
			files = (
				4FD67AF823B24EDF0055E09E /* ViewController.swift in Sources */,
				4FD67AF423B24EDF0055E09E /* AppDelegate.swift in Sources */,
				4FD67AF623B24EDF0055E09E /* SceneDelegate.swift in Sources */,
			);
			runOnlyForDeploymentPostprocessing = 0;
		};
/* End PBXSourcesBuildPhase section */

/* Begin PBXVariantGroup section */
		4FD67AF923B24EDF0055E09E /* Main.storyboard */ = {
			isa = PBXVariantGroup;
			children = (
				4FD67AFA23B24EDF0055E09E /* Base */,
			);
			name = Main.storyboard;
			sourceTree = "<group>";
		};
		4FD67AFE23B24EE20055E09E /* LaunchScreen.storyboard */ = {
			isa = PBXVariantGroup;
			children = (
				4FD67AFF23B24EE20055E09E /* Base */,
			);
			name = LaunchScreen.storyboard;
			sourceTree = "<group>";
		};
/* End PBXVariantGroup section */

/* Begin XCBuildConfiguration section */
		4FD67B0223B24EE20055E09E /* Debug */ = {
			isa = XCBuildConfiguration;
			buildSettings = {
				ALWAYS_SEARCH_USER_PATHS = NO;
				CLANG_ANALYZER_NONNULL = YES;
				CLANG_ANALYZER_NUMBER_OBJECT_CONVERSION = YES_AGGRESSIVE;
				CLANG_CXX_LANGUAGE_STANDARD = "gnu++14";
				CLANG_CXX_LIBRARY = "libc++";
				CLANG_ENABLE_MODULES = YES;
				CLANG_ENABLE_OBJC_ARC = YES;
				CLANG_ENABLE_OBJC_WEAK = YES;
				CLANG_WARN_BLOCK_CAPTURE_AUTORELEASING = YES;
				CLANG_WARN_BOOL_CONVERSION = YES;
				CLANG_WARN_COMMA = YES;
				CLANG_WARN_CONSTANT_CONVERSION = YES;
				CLANG_WARN_DEPRECATED_OBJC_IMPLEMENTATIONS = YES;
				CLANG_WARN_DIRECT_OBJC_ISA_USAGE = YES_ERROR;
				CLANG_WARN_DOCUMENTATION_COMMENTS = YES;
				CLANG_WARN_EMPTY_BODY = YES;
				CLANG_WARN_ENUM_CONVERSION = YES;
				CLANG_WARN_INFINITE_RECURSION = YES;
				CLANG_WARN_INT_CONVERSION = YES;
				CLANG_WARN_NON_LITERAL_NULL_CONVERSION = YES;
				CLANG_WARN_OBJC_IMPLICIT_RETAIN_SELF = YES;
				CLANG_WARN_OBJC_LITERAL_CONVERSION = YES;
				CLANG_WARN_OBJC_ROOT_CLASS = YES_ERROR;
				CLANG_WARN_RANGE_LOOP_ANALYSIS = YES;
				CLANG_WARN_STRICT_PROTOTYPES = YES;
				CLANG_WARN_SUSPICIOUS_MOVE = YES;
				CLANG_WARN_UNGUARDED_AVAILABILITY = YES_AGGRESSIVE;
				CLANG_WARN_UNREACHABLE_CODE = YES;
				CLANG_WARN__DUPLICATE_METHOD_MATCH = YES;
				COPY_PHASE_STRIP = NO;
				DEBUG_INFORMATION_FORMAT = dwarf;
				ENABLE_STRICT_OBJC_MSGSEND = YES;
				ENABLE_TESTABILITY = YES;
				GCC_C_LANGUAGE_STANDARD = gnu11;
				GCC_DYNAMIC_NO_PIC = NO;
				GCC_NO_COMMON_BLOCKS = YES;
				GCC_OPTIMIZATION_LEVEL = 0;
				GCC_PREPROCESSOR_DEFINITIONS = (
					"DEBUG=1",
					"$(inherited)",
				);
				GCC_WARN_64_TO_32_BIT_CONVERSION = YES;
				GCC_WARN_ABOUT_RETURN_TYPE = YES_ERROR;
				GCC_WARN_UNDECLARED_SELECTOR = YES;
				GCC_WARN_UNINITIALIZED_AUTOS = YES_AGGRESSIVE;
				GCC_WARN_UNUSED_FUNCTION = YES;
				GCC_WARN_UNUSED_VARIABLE = YES;
				IPHONEOS_DEPLOYMENT_TARGET = 13.1;
				MTL_ENABLE_DEBUG_INFO = INCLUDE_SOURCE;
				MTL_FAST_MATH = YES;
				ONLY_ACTIVE_ARCH = YES;
				SDKROOT = iphoneos;
				SWIFT_ACTIVE_COMPILATION_CONDITIONS = DEBUG;
				SWIFT_OPTIMIZATION_LEVEL = "-Onone";
			};
			name = Debug;
		};
		4FD67B0323B24EE20055E09E /* Release */ = {
			isa = XCBuildConfiguration;
			buildSettings = {
				ALWAYS_SEARCH_USER_PATHS = NO;
				CLANG_ANALYZER_NONNULL = YES;
				CLANG_ANALYZER_NUMBER_OBJECT_CONVERSION = YES_AGGRESSIVE;
				CLANG_CXX_LANGUAGE_STANDARD = "gnu++14";
				CLANG_CXX_LIBRARY = "libc++";
				CLANG_ENABLE_MODULES = YES;
				CLANG_ENABLE_OBJC_ARC = YES;
				CLANG_ENABLE_OBJC_WEAK = YES;
				CLANG_WARN_BLOCK_CAPTURE_AUTORELEASING = YES;
				CLANG_WARN_BOOL_CONVERSION = YES;
				CLANG_WARN_COMMA = YES;
				CLANG_WARN_CONSTANT_CONVERSION = YES;
				CLANG_WARN_DEPRECATED_OBJC_IMPLEMENTATIONS = YES;
				CLANG_WARN_DIRECT_OBJC_ISA_USAGE = YES_ERROR;
				CLANG_WARN_DOCUMENTATION_COMMENTS = YES;
				CLANG_WARN_EMPTY_BODY = YES;
				CLANG_WARN_ENUM_CONVERSION = YES;
				CLANG_WARN_INFINITE_RECURSION = YES;
				CLANG_WARN_INT_CONVERSION = YES;
				CLANG_WARN_NON_LITERAL_NULL_CONVERSION = YES;
				CLANG_WARN_OBJC_IMPLICIT_RETAIN_SELF = YES;
				CLANG_WARN_OBJC_LITERAL_CONVERSION = YES;
				CLANG_WARN_OBJC_ROOT_CLASS = YES_ERROR;
				CLANG_WARN_RANGE_LOOP_ANALYSIS = YES;
				CLANG_WARN_STRICT_PROTOTYPES = YES;
				CLANG_WARN_SUSPICIOUS_MOVE = YES;
				CLANG_WARN_UNGUARDED_AVAILABILITY = YES_AGGRESSIVE;
				CLANG_WARN_UNREACHABLE_CODE = YES;
				CLANG_WARN__DUPLICATE_METHOD_MATCH = YES;
				COPY_PHASE_STRIP = NO;
				DEBUG_INFORMATION_FORMAT = "dwarf-with-dsym";
				ENABLE_NS_ASSERTIONS = NO;
				ENABLE_STRICT_OBJC_MSGSEND = YES;
				GCC_C_LANGUAGE_STANDARD = gnu11;
				GCC_NO_COMMON_BLOCKS = YES;
				GCC_WARN_64_TO_32_BIT_CONVERSION = YES;
				GCC_WARN_ABOUT_RETURN_TYPE = YES_ERROR;
				GCC_WARN_UNDECLARED_SELECTOR = YES;
				GCC_WARN_UNINITIALIZED_AUTOS = YES_AGGRESSIVE;
				GCC_WARN_UNUSED_FUNCTION = YES;
				GCC_WARN_UNUSED_VARIABLE = YES;
				IPHONEOS_DEPLOYMENT_TARGET = 13.1;
				MTL_ENABLE_DEBUG_INFO = NO;
				MTL_FAST_MATH = YES;
				SDKROOT = iphoneos;
				SWIFT_COMPILATION_MODE = wholemodule;
				SWIFT_OPTIMIZATION_LEVEL = "-O";
				VALIDATE_PRODUCT = YES;
			};
			name = Release;
		};
		4FD67B0523B24EE20055E09E /* Debug */ = {
			isa = XCBuildConfiguration;
			buildSettings = {
				ASSETCATALOG_COMPILER_APPICON_NAME = AppIcon;
				CODE_SIGN_STYLE = Automatic;
				DEVELOPMENT_TEAM = UU3DS6HAQ3;
				INFOPLIST_FILE = SessionDownload/Info.plist;
				LD_RUNPATH_SEARCH_PATHS = (
					"$(inherited)",
					"@executable_path/Frameworks",
				);
				PRODUCT_BUNDLE_IDENTIFIER = com.zColdWater.www.SessionDownload;
				PRODUCT_NAME = "$(TARGET_NAME)";
				SWIFT_VERSION = 5.0;
				TARGETED_DEVICE_FAMILY = "1,2";
			};
			name = Debug;
		};
		4FD67B0623B24EE20055E09E /* Release */ = {
			isa = XCBuildConfiguration;
			buildSettings = {
				ASSETCATALOG_COMPILER_APPICON_NAME = AppIcon;
				CODE_SIGN_STYLE = Automatic;
				DEVELOPMENT_TEAM = UU3DS6HAQ3;
				INFOPLIST_FILE = SessionDownload/Info.plist;
				LD_RUNPATH_SEARCH_PATHS = (
					"$(inherited)",
					"@executable_path/Frameworks",
				);
				PRODUCT_BUNDLE_IDENTIFIER = com.zColdWater.www.SessionDownload;
				PRODUCT_NAME = "$(TARGET_NAME)";
				SWIFT_VERSION = 5.0;
				TARGETED_DEVICE_FAMILY = "1,2";
			};
			name = Release;
		};
/* End XCBuildConfiguration section */

/* Begin XCConfigurationList section */
		4FD67AEB23B24EDF0055E09E /* Build configuration list for PBXProject "SessionDownload" */ = {
			isa = XCConfigurationList;
			buildConfigurations = (
				4FD67B0223B24EE20055E09E /* Debug */,
				4FD67B0323B24EE20055E09E /* Release */,
			);
			defaultConfigurationIsVisible = 0;
			defaultConfigurationName = Release;
		};
		4FD67B0423B24EE20055E09E /* Build configuration list for PBXNativeTarget "SessionDownload" */ = {
			isa = XCConfigurationList;
			buildConfigurations = (
				4FD67B0523B24EE20055E09E /* Debug */,
				4FD67B0623B24EE20055E09E /* Release */,
			);
			defaultConfigurationIsVisible = 0;
			defaultConfigurationName = Release;
		};
/* End XCConfigurationList section */
	};
	rootObject = 4FD67AE823B24EDF0055E09E /* Project object */;
}
